// !$*UTF8*$!
{
	archiveVersion = 1;
	classes = {
	};
	objectVersion = 48;
	objects = {

/* Begin PBXBuildFile section */
		FAA486B12000676F006E6100 /* AppDelegate.m in Sources */ = {isa = PBXBuildFile; fileRef = FAA486B02000676F006E6100 /* AppDelegate.m */; };
		FAA486B42000676F006E6100 /* ViewController.m in Sources */ = {isa = PBXBuildFile; fileRef = FAA486B32000676F006E6100 /* ViewController.m */; };
		FAA486B72000676F006E6100 /* Main.storyboard in Resources */ = {isa = PBXBuildFile; fileRef = FAA486B52000676F006E6100 /* Main.storyboard */; };
		FAA486B92000676F006E6100 /* Assets.xcassets in Resources */ = {isa = PBXBuildFile; fileRef = FAA486B82000676F006E6100 /* Assets.xcassets */; };
		FAA486BC2000676F006E6100 /* LaunchScreen.storyboard in Resources */ = {isa = PBXBuildFile; fileRef = FAA486BA2000676F006E6100 /* LaunchScreen.storyboard */; };
		FAA486BF2000676F006E6100 /* main.m in Sources */ = {isa = PBXBuildFile; fileRef = FAA486BE2000676F006E6100 /* main.m */; };
		FAA486C92000676F006E6100 /* TestCodeTests.m in Sources */ = {isa = PBXBuildFile; fileRef = FAA486C82000676F006E6100 /* TestCodeTests.m */; };
		FAA486D42000676F006E6100 /* TestCodeUITests.m in Sources */ = {isa = PBXBuildFile; fileRef = FAA486D32000676F006E6100 /* TestCodeUITests.m */; };
		FAA486EA200067E0006E6100 /* HomeViewController.m in Sources */ = {isa = PBXBuildFile; fileRef = FAA486E8200067E0006E6100 /* HomeViewController.m */; };
		FAA486EB200067E0006E6100 /* HomeViewController.xib in Resources */ = {isa = PBXBuildFile; fileRef = FAA486E9200067E0006E6100 /* HomeViewController.xib */; };
		FAA486EF200067F0006E6100 /* PersonDetailViewController.m in Sources */ = {isa = PBXBuildFile; fileRef = FAA486ED200067F0006E6100 /* PersonDetailViewController.m */; };
		FAA486F0200067F0006E6100 /* PersonDetailViewController.xib in Resources */ = {isa = PBXBuildFile; fileRef = FAA486EE200067F0006E6100 /* PersonDetailViewController.xib */; };
		FAA486F620006853006E6100 /* Request.m in Sources */ = {isa = PBXBuildFile; fileRef = FAA486F520006853006E6100 /* Request.m */; };
		FAA486FA2000686A006E6100 /* Person.m in Sources */ = {isa = PBXBuildFile; fileRef = FAA486F92000686A006E6100 /* Person.m */; };
		FAA486FE20007255006E6100 /* PersonTableViewCell.m in Sources */ = {isa = PBXBuildFile; fileRef = FAA486FC20007255006E6100 /* PersonTableViewCell.m */; };
		FAA486FF20007255006E6100 /* PersonTableViewCell.xib in Resources */ = {isa = PBXBuildFile; fileRef = FAA486FD20007255006E6100 /* PersonTableViewCell.xib */; };
		FAA4870320007669006E6100 /* PersonDetailTableViewCell.m in Sources */ = {isa = PBXBuildFile; fileRef = FAA4870120007669006E6100 /* PersonDetailTableViewCell.m */; };
		FAA4870420007669006E6100 /* PersonDetailTableViewCell.xib in Resources */ = {isa = PBXBuildFile; fileRef = FAA4870220007669006E6100 /* PersonDetailTableViewCell.xib */; };
/* End PBXBuildFile section */

/* Begin PBXContainerItemProxy section */
		FAA486C52000676F006E6100 /* PBXContainerItemProxy */ = {
			isa = PBXContainerItemProxy;
			containerPortal = FAA486A42000676F006E6100 /* Project object */;
			proxyType = 1;
			remoteGlobalIDString = FAA486AB2000676F006E6100;
			remoteInfo = TestCode;
		};
		FAA486D02000676F006E6100 /* PBXContainerItemProxy */ = {
			isa = PBXContainerItemProxy;
			containerPortal = FAA486A42000676F006E6100 /* Project object */;
			proxyType = 1;
			remoteGlobalIDString = FAA486AB2000676F006E6100;
			remoteInfo = TestCode;
		};
/* End PBXContainerItemProxy section */

/* Begin PBXFileReference section */
		FAA486AC2000676F006E6100 /* TestCode.app */ = {isa = PBXFileReference; explicitFileType = wrapper.application; includeInIndex = 0; path = TestCode.app; sourceTree = BUILT_PRODUCTS_DIR; };
		FAA486AF2000676F006E6100 /* AppDelegate.h */ = {isa = PBXFileReference; lastKnownFileType = sourcecode.c.h; path = AppDelegate.h; sourceTree = "<group>"; };
		FAA486B02000676F006E6100 /* AppDelegate.m */ = {isa = PBXFileReference; lastKnownFileType = sourcecode.c.objc; path = AppDelegate.m; sourceTree = "<group>"; };
		FAA486B22000676F006E6100 /* ViewController.h */ = {isa = PBXFileReference; lastKnownFileType = sourcecode.c.h; path = ViewController.h; sourceTree = "<group>"; };
		FAA486B32000676F006E6100 /* ViewController.m */ = {isa = PBXFileReference; lastKnownFileType = sourcecode.c.objc; path = ViewController.m; sourceTree = "<group>"; };
		FAA486B62000676F006E6100 /* Base */ = {isa = PBXFileReference; lastKnownFileType = file.storyboard; name = Base; path = Base.lproj/Main.storyboard; sourceTree = "<group>"; };
		FAA486B82000676F006E6100 /* Assets.xcassets */ = {isa = PBXFileReference; lastKnownFileType = folder.assetcatalog; path = Assets.xcassets; sourceTree = "<group>"; };
		FAA486BB2000676F006E6100 /* Base */ = {isa = PBXFileReference; lastKnownFileType = file.storyboard; name = Base; path = Base.lproj/LaunchScreen.storyboard; sourceTree = "<group>"; };
		FAA486BD2000676F006E6100 /* Info.plist */ = {isa = PBXFileReference; lastKnownFileType = text.plist.xml; path = Info.plist; sourceTree = "<group>"; };
		FAA486BE2000676F006E6100 /* main.m */ = {isa = PBXFileReference; lastKnownFileType = sourcecode.c.objc; path = main.m; sourceTree = "<group>"; };
		FAA486C42000676F006E6100 /* TestCodeTests.xctest */ = {isa = PBXFileReference; explicitFileType = wrapper.cfbundle; includeInIndex = 0; path = TestCodeTests.xctest; sourceTree = BUILT_PRODUCTS_DIR; };
		FAA486C82000676F006E6100 /* TestCodeTests.m */ = {isa = PBXFileReference; lastKnownFileType = sourcecode.c.objc; path = TestCodeTests.m; sourceTree = "<group>"; };
		FAA486CA2000676F006E6100 /* Info.plist */ = {isa = PBXFileReference; lastKnownFileType = text.plist.xml; path = Info.plist; sourceTree = "<group>"; };
		FAA486CF2000676F006E6100 /* TestCodeUITests.xctest */ = {isa = PBXFileReference; explicitFileType = wrapper.cfbundle; includeInIndex = 0; path = TestCodeUITests.xctest; sourceTree = BUILT_PRODUCTS_DIR; };
		FAA486D32000676F006E6100 /* TestCodeUITests.m */ = {isa = PBXFileReference; lastKnownFileType = sourcecode.c.objc; path = TestCodeUITests.m; sourceTree = "<group>"; };
		FAA486D52000676F006E6100 /* Info.plist */ = {isa = PBXFileReference; lastKnownFileType = text.plist.xml; path = Info.plist; sourceTree = "<group>"; };
		FAA486E7200067E0006E6100 /* HomeViewController.h */ = {isa = PBXFileReference; lastKnownFileType = sourcecode.c.h; path = HomeViewController.h; sourceTree = "<group>"; };
		FAA486E8200067E0006E6100 /* HomeViewController.m */ = {isa = PBXFileReference; lastKnownFileType = sourcecode.c.objc; path = HomeViewController.m; sourceTree = "<group>"; };
		FAA486E9200067E0006E6100 /* HomeViewController.xib */ = {isa = PBXFileReference; lastKnownFileType = file.xib; path = HomeViewController.xib; sourceTree = "<group>"; };
		FAA486EC200067F0006E6100 /* PersonDetailViewController.h */ = {isa = PBXFileReference; lastKnownFileType = sourcecode.c.h; path = PersonDetailViewController.h; sourceTree = "<group>"; };
		FAA486ED200067F0006E6100 /* PersonDetailViewController.m */ = {isa = PBXFileReference; lastKnownFileType = sourcecode.c.objc; path = PersonDetailViewController.m; sourceTree = "<group>"; };
		FAA486EE200067F0006E6100 /* PersonDetailViewController.xib */ = {isa = PBXFileReference; lastKnownFileType = file.xib; path = PersonDetailViewController.xib; sourceTree = "<group>"; };
		FAA486F220006836006E6100 /* API.h */ = {isa = PBXFileReference; lastKnownFileType = sourcecode.c.h; path = API.h; sourceTree = "<group>"; };
		FAA486F420006853006E6100 /* Request.h */ = {isa = PBXFileReference; lastKnownFileType = sourcecode.c.h; path = Request.h; sourceTree = "<group>"; };
		FAA486F520006853006E6100 /* Request.m */ = {isa = PBXFileReference; lastKnownFileType = sourcecode.c.objc; path = Request.m; sourceTree = "<group>"; };
		FAA486F82000686A006E6100 /* Person.h */ = {isa = PBXFileReference; lastKnownFileType = sourcecode.c.h; path = Person.h; sourceTree = "<group>"; };
		FAA486F92000686A006E6100 /* Person.m */ = {isa = PBXFileReference; lastKnownFileType = sourcecode.c.objc; path = Person.m; sourceTree = "<group>"; };
		FAA486FB20007255006E6100 /* PersonTableViewCell.h */ = {isa = PBXFileReference; lastKnownFileType = sourcecode.c.h; path = PersonTableViewCell.h; sourceTree = "<group>"; };
		FAA486FC20007255006E6100 /* PersonTableViewCell.m */ = {isa = PBXFileReference; lastKnownFileType = sourcecode.c.objc; path = PersonTableViewCell.m; sourceTree = "<group>"; };
		FAA486FD20007255006E6100 /* PersonTableViewCell.xib */ = {isa = PBXFileReference; lastKnownFileType = file.xib; path = PersonTableViewCell.xib; sourceTree = "<group>"; };
		FAA4870020007669006E6100 /* PersonDetailTableViewCell.h */ = {isa = PBXFileReference; lastKnownFileType = sourcecode.c.h; path = PersonDetailTableViewCell.h; sourceTree = "<group>"; };
		FAA4870120007669006E6100 /* PersonDetailTableViewCell.m */ = {isa = PBXFileReference; lastKnownFileType = sourcecode.c.objc; path = PersonDetailTableViewCell.m; sourceTree = "<group>"; };
		FAA4870220007669006E6100 /* PersonDetailTableViewCell.xib */ = {isa = PBXFileReference; lastKnownFileType = file.xib; path = PersonDetailTableViewCell.xib; sourceTree = "<group>"; };
/* End PBXFileReference section */

/* Begin PBXFrameworksBuildPhase section */
		FAA486A92000676F006E6100 /* Frameworks */ = {
			isa = PBXFrameworksBuildPhase;
			buildActionMask = 2147483647;
			files = (
			);
			runOnlyForDeploymentPostprocessing = 0;
		};
		FAA486C12000676F006E6100 /* Frameworks */ = {
			isa = PBXFrameworksBuildPhase;
			buildActionMask = 2147483647;
			files = (
			);
			runOnlyForDeploymentPostprocessing = 0;
		};
		FAA486CC2000676F006E6100 /* Frameworks */ = {
			isa = PBXFrameworksBuildPhase;
			buildActionMask = 2147483647;
			files = (
			);
			runOnlyForDeploymentPostprocessing = 0;
		};
/* End PBXFrameworksBuildPhase section */

/* Begin PBXGroup section */
		FAA486A32000676F006E6100 = {
			isa = PBXGroup;
			children = (
				FAA486AE2000676F006E6100 /* TestCode */,
				FAA486C72000676F006E6100 /* TestCodeTests */,
				FAA486D22000676F006E6100 /* TestCodeUITests */,
				FAA486AD2000676F006E6100 /* Products */,
			);
			sourceTree = "<group>";
		};
		FAA486AD2000676F006E6100 /* Products */ = {
			isa = PBXGroup;
			children = (
				FAA486AC2000676F006E6100 /* TestCode.app */,
				FAA486C42000676F006E6100 /* TestCodeTests.xctest */,
				FAA486CF2000676F006E6100 /* TestCodeUITests.xctest */,
			);
			name = Products;
			sourceTree = "<group>";
		};
		FAA486AE2000676F006E6100 /* TestCode */ = {
			isa = PBXGroup;
			children = (
				FAA486E4200067A7006E6100 /* Controllers */,
				FAA486E3200067A3006E6100 /* Views */,
				FAA486E22000679B006E6100 /* Models */,
				FAA486AF2000676F006E6100 /* AppDelegate.h */,
				FAA486B02000676F006E6100 /* AppDelegate.m */,
				FAA486B22000676F006E6100 /* ViewController.h */,
				FAA486B32000676F006E6100 /* ViewController.m */,
				FAA486B52000676F006E6100 /* Main.storyboard */,
				FAA486B82000676F006E6100 /* Assets.xcassets */,
				FAA486BA2000676F006E6100 /* LaunchScreen.storyboard */,
				FAA486BD2000676F006E6100 /* Info.plist */,
				FAA486BE2000676F006E6100 /* main.m */,
			);
			path = TestCode;
			sourceTree = "<group>";
		};
		FAA486C72000676F006E6100 /* TestCodeTests */ = {
			isa = PBXGroup;
			children = (
				FAA486C82000676F006E6100 /* TestCodeTests.m */,
				FAA486CA2000676F006E6100 /* Info.plist */,
			);
			path = TestCodeTests;
			sourceTree = "<group>";
		};
		FAA486D22000676F006E6100 /* TestCodeUITests */ = {
			isa = PBXGroup;
			children = (
				FAA486D32000676F006E6100 /* TestCodeUITests.m */,
				FAA486D52000676F006E6100 /* Info.plist */,
			);
			path = TestCodeUITests;
			sourceTree = "<group>";
		};
		FAA486E22000679B006E6100 /* Models */ = {
			isa = PBXGroup;
			children = (
				FAA486F720006858006E6100 /* Person */,
				FAA486F32000683B006E6100 /* Request */,
				FAA486F120006820006E6100 /* API */,
			);
			path = Models;
			sourceTree = "<group>";
		};
		FAA486E3200067A3006E6100 /* Views */ = {
			isa = PBXGroup;
			children = (
				FAA486FB20007255006E6100 /* PersonTableViewCell.h */,
				FAA486FC20007255006E6100 /* PersonTableViewCell.m */,
				FAA486FD20007255006E6100 /* PersonTableViewCell.xib */,
				FAA4870020007669006E6100 /* PersonDetailTableViewCell.h */,
				FAA4870120007669006E6100 /* PersonDetailTableViewCell.m */,
				FAA4870220007669006E6100 /* PersonDetailTableViewCell.xib */,
			);
			path = Views;
			sourceTree = "<group>";
		};
		FAA486E4200067A7006E6100 /* Controllers */ = {
			isa = PBXGroup;
			children = (
				FAA486E5200067C1006E6100 /* Home */,
				FAA486E6200067C8006E6100 /* PersonDetail */,
			);
			path = Controllers;
			sourceTree = "<group>";
		};
		FAA486E5200067C1006E6100 /* Home */ = {
			isa = PBXGroup;
			children = (
				FAA486E7200067E0006E6100 /* HomeViewController.h */,
				FAA486E8200067E0006E6100 /* HomeViewController.m */,
				FAA486E9200067E0006E6100 /* HomeViewController.xib */,
			);
			path = Home;
			sourceTree = "<group>";
		};
		FAA486E6200067C8006E6100 /* PersonDetail */ = {
			isa = PBXGroup;
			children = (
				FAA486EC200067F0006E6100 /* PersonDetailViewController.h */,
				FAA486ED200067F0006E6100 /* PersonDetailViewController.m */,
				FAA486EE200067F0006E6100 /* PersonDetailViewController.xib */,
			);
			path = PersonDetail;
			sourceTree = "<group>";
		};
		FAA486F120006820006E6100 /* API */ = {
			isa = PBXGroup;
			children = (
				FAA486F220006836006E6100 /* API.h */,
			);
			path = API;
			sourceTree = "<group>";
		};
		FAA486F32000683B006E6100 /* Request */ = {
			isa = PBXGroup;
			children = (
				FAA486F420006853006E6100 /* Request.h */,
				FAA486F520006853006E6100 /* Request.m */,
			);
			path = Request;
			sourceTree = "<group>";
		};
		FAA486F720006858006E6100 /* Person */ = {
			isa = PBXGroup;
			children = (
				FAA486F82000686A006E6100 /* Person.h */,
				FAA486F92000686A006E6100 /* Person.m */,
			);
			path = Person;
			sourceTree = "<group>";
		};
/* End PBXGroup section */

/* Begin PBXNativeTarget section */
		FAA486AB2000676F006E6100 /* TestCode */ = {
			isa = PBXNativeTarget;
			buildConfigurationList = FAA486D82000676F006E6100 /* Build configuration list for PBXNativeTarget "TestCode" */;
			buildPhases = (
				FAA486A82000676F006E6100 /* Sources */,
				FAA486A92000676F006E6100 /* Frameworks */,
				FAA486AA2000676F006E6100 /* Resources */,
			);
			buildRules = (
			);
			dependencies = (
			);
			name = TestCode;
			productName = TestCode;
			productReference = FAA486AC2000676F006E6100 /* TestCode.app */;
			productType = "com.apple.product-type.application";
		};
		FAA486C32000676F006E6100 /* TestCodeTests */ = {
			isa = PBXNativeTarget;
			buildConfigurationList = FAA486DB2000676F006E6100 /* Build configuration list for PBXNativeTarget "TestCodeTests" */;
			buildPhases = (
				FAA486C02000676F006E6100 /* Sources */,
				FAA486C12000676F006E6100 /* Frameworks */,
				FAA486C22000676F006E6100 /* Resources */,
			);
			buildRules = (
			);
			dependencies = (
				FAA486C62000676F006E6100 /* PBXTargetDependency */,
			);
			name = TestCodeTests;
			productName = TestCodeTests;
			productReference = FAA486C42000676F006E6100 /* TestCodeTests.xctest */;
			productType = "com.apple.product-type.bundle.unit-test";
		};
		FAA486CE2000676F006E6100 /* TestCodeUITests */ = {
			isa = PBXNativeTarget;
			buildConfigurationList = FAA486DE2000676F006E6100 /* Build configuration list for PBXNativeTarget "TestCodeUITests" */;
			buildPhases = (
				FAA486CB2000676F006E6100 /* Sources */,
				FAA486CC2000676F006E6100 /* Frameworks */,
				FAA486CD2000676F006E6100 /* Resources */,
			);
			buildRules = (
			);
			dependencies = (
				FAA486D12000676F006E6100 /* PBXTargetDependency */,
			);
			name = TestCodeUITests;
			productName = TestCodeUITests;
			productReference = FAA486CF2000676F006E6100 /* TestCodeUITests.xctest */;
			productType = "com.apple.product-type.bundle.ui-testing";
		};
/* End PBXNativeTarget section */

/* Begin PBXProject section */
		FAA486A42000676F006E6100 /* Project object */ = {
			isa = PBXProject;
			attributes = {
				LastUpgradeCheck = 0910;
				ORGANIZATIONNAME = HoangSon;
				TargetAttributes = {
					FAA486AB2000676F006E6100 = {
						CreatedOnToolsVersion = 9.1;
						ProvisioningStyle = Automatic;
					};
					FAA486C32000676F006E6100 = {
						CreatedOnToolsVersion = 9.1;
						ProvisioningStyle = Automatic;
						TestTargetID = FAA486AB2000676F006E6100;
					};
					FAA486CE2000676F006E6100 = {
						CreatedOnToolsVersion = 9.1;
						ProvisioningStyle = Automatic;
						TestTargetID = FAA486AB2000676F006E6100;
					};
				};
			};
			buildConfigurationList = FAA486A72000676F006E6100 /* Build configuration list for PBXProject "TestCode" */;
			compatibilityVersion = "Xcode 8.0";
			developmentRegion = en;
			hasScannedForEncodings = 0;
			knownRegions = (
				en,
				Base,
			);
			mainGroup = FAA486A32000676F006E6100;
			productRefGroup = FAA486AD2000676F006E6100 /* Products */;
			projectDirPath = "";
			projectRoot = "";
			targets = (
				FAA486AB2000676F006E6100 /* TestCode */,
				FAA486C32000676F006E6100 /* TestCodeTests */,
				FAA486CE2000676F006E6100 /* TestCodeUITests */,
			);
		};
/* End PBXProject section */

/* Begin PBXResourcesBuildPhase section */
		FAA486AA2000676F006E6100 /* Resources */ = {
			isa = PBXResourcesBuildPhase;
			buildActionMask = 2147483647;
			files = (
				FAA4870420007669006E6100 /* PersonDetailTableViewCell.xib in Resources */,
				FAA486BC2000676F006E6100 /* LaunchScreen.storyboard in Resources */,
				FAA486B92000676F006E6100 /* Assets.xcassets in Resources */,
				FAA486FF20007255006E6100 /* PersonTableViewCell.xib in Resources */,
				FAA486B72000676F006E6100 /* Main.storyboard in Resources */,
				FAA486EB200067E0006E6100 /* HomeViewController.xib in Resources */,
				FAA486F0200067F0006E6100 /* PersonDetailViewController.xib in Resources */,
			);
			runOnlyForDeploymentPostprocessing = 0;
		};
		FAA486C22000676F006E6100 /* Resources */ = {
			isa = PBXResourcesBuildPhase;
			buildActionMask = 2147483647;
			files = (
			);
			runOnlyForDeploymentPostprocessing = 0;
		};
		FAA486CD2000676F006E6100 /* Resources */ = {
			isa = PBXResourcesBuildPhase;
			buildActionMask = 2147483647;
			files = (
			);
			runOnlyForDeploymentPostprocessing = 0;
		};
/* End PBXResourcesBuildPhase section */

/* Begin PBXSourcesBuildPhase section */
		FAA486A82000676F006E6100 /* Sources */ = {
			isa = PBXSourcesBuildPhase;
			buildActionMask = 2147483647;
			files = (
				FAA486B42000676F006E6100 /* ViewController.m in Sources */,
				FAA486EF200067F0006E6100 /* PersonDetailViewController.m in Sources */,
				FAA486FE20007255006E6100 /* PersonTableViewCell.m in Sources */,
				FAA4870320007669006E6100 /* PersonDetailTableViewCell.m in Sources */,
				FAA486FA2000686A006E6100 /* Person.m in Sources */,
				FAA486BF2000676F006E6100 /* main.m in Sources */,
				FAA486B12000676F006E6100 /* AppDelegate.m in Sources */,
				FAA486EA200067E0006E6100 /* HomeViewController.m in Sources */,
				FAA486F620006853006E6100 /* Request.m in Sources */,
			);
			runOnlyForDeploymentPostprocessing = 0;
		};
		FAA486C02000676F006E6100 /* Sources */ = {
			isa = PBXSourcesBuildPhase;
			buildActionMask = 2147483647;
			files = (
				FAA486C92000676F006E6100 /* TestCodeTests.m in Sources */,
			);
			runOnlyForDeploymentPostprocessing = 0;
		};
		FAA486CB2000676F006E6100 /* Sources */ = {
			isa = PBXSourcesBuildPhase;
			buildActionMask = 2147483647;
			files = (
				FAA486D42000676F006E6100 /* TestCodeUITests.m in Sources */,
			);
			runOnlyForDeploymentPostprocessing = 0;
		};
/* End PBXSourcesBuildPhase section */

/* Begin PBXTargetDependency section */
		FAA486C62000676F006E6100 /* PBXTargetDependency */ = {
			isa = PBXTargetDependency;
			target = FAA486AB2000676F006E6100 /* TestCode */;
			targetProxy = FAA486C52000676F006E6100 /* PBXContainerItemProxy */;
		};
		FAA486D12000676F006E6100 /* PBXTargetDependency */ = {
			isa = PBXTargetDependency;
			target = FAA486AB2000676F006E6100 /* TestCode */;
			targetProxy = FAA486D02000676F006E6100 /* PBXContainerItemProxy */;
		};
/* End PBXTargetDependency section */

/* Begin PBXVariantGroup section */
		FAA486B52000676F006E6100 /* Main.storyboard */ = {
			isa = PBXVariantGroup;
			children = (
				FAA486B62000676F006E6100 /* Base */,
			);
			name = Main.storyboard;
			sourceTree = "<group>";
		};
		FAA486BA2000676F006E6100 /* LaunchScreen.storyboard */ = {
			isa = PBXVariantGroup;
			children = (
				FAA486BB2000676F006E6100 /* Base */,
			);
			name = LaunchScreen.storyboard;
			sourceTree = "<group>";
		};
/* End PBXVariantGroup section */

/* Begin XCBuildConfiguration section */
		FAA486D62000676F006E6100 /* Debug */ = {
			isa = XCBuildConfiguration;
			buildSettings = {
				ALWAYS_SEARCH_USER_PATHS = NO;
				CLANG_ANALYZER_NONNULL = YES;
				CLANG_ANALYZER_NUMBER_OBJECT_CONVERSION = YES_AGGRESSIVE;
				CLANG_CXX_LANGUAGE_STANDARD = "gnu++14";
				CLANG_CXX_LIBRARY = "libc++";
				CLANG_ENABLE_MODULES = YES;
				CLANG_ENABLE_OBJC_ARC = YES;
				CLANG_WARN_BLOCK_CAPTURE_AUTORELEASING = YES;
				CLANG_WARN_BOOL_CONVERSION = YES;
				CLANG_WARN_COMMA = YES;
				CLANG_WARN_CONSTANT_CONVERSION = YES;
				CLANG_WARN_DIRECT_OBJC_ISA_USAGE = YES_ERROR;
				CLANG_WARN_DOCUMENTATION_COMMENTS = YES;
				CLANG_WARN_EMPTY_BODY = YES;
				CLANG_WARN_ENUM_CONVERSION = YES;
				CLANG_WARN_INFINITE_RECURSION = YES;
				CLANG_WARN_INT_CONVERSION = YES;
				CLANG_WARN_NON_LITERAL_NULL_CONVERSION = YES;
				CLANG_WARN_OBJC_LITERAL_CONVERSION = YES;
				CLANG_WARN_OBJC_ROOT_CLASS = YES_ERROR;
				CLANG_WARN_RANGE_LOOP_ANALYSIS = YES;
				CLANG_WARN_STRICT_PROTOTYPES = YES;
				CLANG_WARN_SUSPICIOUS_MOVE = YES;
				CLANG_WARN_UNGUARDED_AVAILABILITY = YES_AGGRESSIVE;
				CLANG_WARN_UNREACHABLE_CODE = YES;
				CLANG_WARN__DUPLICATE_METHOD_MATCH = YES;
				CODE_SIGN_IDENTITY = "iPhone Developer";
				COPY_PHASE_STRIP = NO;
				DEBUG_INFORMATION_FORMAT = dwarf;
				ENABLE_STRICT_OBJC_MSGSEND = YES;
				ENABLE_TESTABILITY = YES;
				GCC_C_LANGUAGE_STANDARD = gnu11;
				GCC_DYNAMIC_NO_PIC = NO;
				GCC_NO_COMMON_BLOCKS = YES;
				GCC_OPTIMIZATION_LEVEL = 0;
				GCC_PREPROCESSOR_DEFINITIONS = (
					"DEBUG=1",
					"$(inherited)",
				);
				GCC_WARN_64_TO_32_BIT_CONVERSION = YES;
				GCC_WARN_ABOUT_RETURN_TYPE = YES_ERROR;
				GCC_WARN_UNDECLARED_SELECTOR = YES;
				GCC_WARN_UNINITIALIZED_AUTOS = YES_AGGRESSIVE;
				GCC_WARN_UNUSED_FUNCTION = YES;
				GCC_WARN_UNUSED_VARIABLE = YES;
				IPHONEOS_DEPLOYMENT_TARGET = 11.1;
				MTL_ENABLE_DEBUG_INFO = YES;
				ONLY_ACTIVE_ARCH = YES;
				SDKROOT = iphoneos;
			};
			name = Debug;
		};
		FAA486D72000676F006E6100 /* Release */ = {
			isa = XCBuildConfiguration;
			buildSettings = {
				ALWAYS_SEARCH_USER_PATHS = NO;
				CLANG_ANALYZER_NONNULL = YES;
				CLANG_ANALYZER_NUMBER_OBJECT_CONVERSION = YES_AGGRESSIVE;
				CLANG_CXX_LANGUAGE_STANDARD = "gnu++14";
				CLANG_CXX_LIBRARY = "libc++";
				CLANG_ENABLE_MODULES = YES;
				CLANG_ENABLE_OBJC_ARC = YES;
				CLANG_WARN_BLOCK_CAPTURE_AUTORELEASING = YES;
				CLANG_WARN_BOOL_CONVERSION = YES;
				CLANG_WARN_COMMA = YES;
				CLANG_WARN_CONSTANT_CONVERSION = YES;
				CLANG_WARN_DIRECT_OBJC_ISA_USAGE = YES_ERROR;
				CLANG_WARN_DOCUMENTATION_COMMENTS = YES;
				CLANG_WARN_EMPTY_BODY = YES;
				CLANG_WARN_ENUM_CONVERSION = YES;
				CLANG_WARN_INFINITE_RECURSION = YES;
				CLANG_WARN_INT_CONVERSION = YES;
				CLANG_WARN_NON_LITERAL_NULL_CONVERSION = YES;
				CLANG_WARN_OBJC_LITERAL_CONVERSION = YES;
				CLANG_WARN_OBJC_ROOT_CLASS = YES_ERROR;
				CLANG_WARN_RANGE_LOOP_ANALYSIS = YES;
				CLANG_WARN_STRICT_PROTOTYPES = YES;
				CLANG_WARN_SUSPICIOUS_MOVE = YES;
				CLANG_WARN_UNGUARDED_AVAILABILITY = YES_AGGRESSIVE;
				CLANG_WARN_UNREACHABLE_CODE = YES;
				CLANG_WARN__DUPLICATE_METHOD_MATCH = YES;
				CODE_SIGN_IDENTITY = "iPhone Developer";
				COPY_PHASE_STRIP = NO;
				DEBUG_INFORMATION_FORMAT = "dwarf-with-dsym";
				ENABLE_NS_ASSERTIONS = NO;
				ENABLE_STRICT_OBJC_MSGSEND = YES;
				GCC_C_LANGUAGE_STANDARD = gnu11;
				GCC_NO_COMMON_BLOCKS = YES;
				GCC_WARN_64_TO_32_BIT_CONVERSION = YES;
				GCC_WARN_ABOUT_RETURN_TYPE = YES_ERROR;
				GCC_WARN_UNDECLARED_SELECTOR = YES;
				GCC_WARN_UNINITIALIZED_AUTOS = YES_AGGRESSIVE;
				GCC_WARN_UNUSED_FUNCTION = YES;
				GCC_WARN_UNUSED_VARIABLE = YES;
				IPHONEOS_DEPLOYMENT_TARGET = 11.1;
				MTL_ENABLE_DEBUG_INFO = NO;
				SDKROOT = iphoneos;
				VALIDATE_PRODUCT = YES;
			};
			name = Release;
		};
		FAA486D92000676F006E6100 /* Debug */ = {
			isa = XCBuildConfiguration;
			buildSettings = {
				ASSETCATALOG_COMPILER_APPICON_NAME = AppIcon;
				CODE_SIGN_STYLE = Automatic;
				INFOPLIST_FILE = TestCode/Info.plist;
				LD_RUNPATH_SEARCH_PATHS = "$(inherited) @executable_path/Frameworks";
				PRODUCT_BUNDLE_IDENTIFIER = com.hoangson.TestCode;
				PRODUCT_NAME = "$(TARGET_NAME)";
				TARGETED_DEVICE_FAMILY = "1,2";
			};
			name = Debug;
		};
		FAA486DA2000676F006E6100 /* Release */ = {
			isa = XCBuildConfiguration;
			buildSettings = {
				ASSETCATALOG_COMPILER_APPICON_NAME = AppIcon;
				CODE_SIGN_STYLE = Automatic;
				INFOPLIST_FILE = TestCode/Info.plist;
				LD_RUNPATH_SEARCH_PATHS = "$(inherited) @executable_path/Frameworks";
				PRODUCT_BUNDLE_IDENTIFIER = com.hoangson.TestCode;
				PRODUCT_NAME = "$(TARGET_NAME)";
				TARGETED_DEVICE_FAMILY = "1,2";
			};
			name = Release;
		};
		FAA486DC2000676F006E6100 /* Debug */ = {
			isa = XCBuildConfiguration;
			buildSettings = {
				BUNDLE_LOADER = "$(TEST_HOST)";
				CODE_SIGN_STYLE = Automatic;
				INFOPLIST_FILE = TestCodeTests/Info.plist;
				LD_RUNPATH_SEARCH_PATHS = "$(inherited) @executable_path/Frameworks @loader_path/Frameworks";
				PRODUCT_BUNDLE_IDENTIFIER = com.hoangson.TestCodeTests;
				PRODUCT_NAME = "$(TARGET_NAME)";
				TARGETED_DEVICE_FAMILY = "1,2";
				TEST_HOST = "$(BUILT_PRODUCTS_DIR)/TestCode.app/TestCode";
			};
			name = Debug;
		};
		FAA486DD2000676F006E6100 /* Release */ = {
			isa = XCBuildConfiguration;
			buildSettings = {
				BUNDLE_LOADER = "$(TEST_HOST)";
				CODE_SIGN_STYLE = Automatic;
				INFOPLIST_FILE = TestCodeTests/Info.plist;
				LD_RUNPATH_SEARCH_PATHS = "$(inherited) @executable_path/Frameworks @loader_path/Frameworks";
				PRODUCT_BUNDLE_IDENTIFIER = com.hoangson.TestCodeTests;
				PRODUCT_NAME = "$(TARGET_NAME)";
				TARGETED_DEVICE_FAMILY = "1,2";
				TEST_HOST = "$(BUILT_PRODUCTS_DIR)/TestCode.app/TestCode";
			};
			name = Release;
		};
		FAA486DF2000676F006E6100 /* Debug */ = {
			isa = XCBuildConfiguration;
			buildSettings = {
				CODE_SIGN_STYLE = Automatic;
				INFOPLIST_FILE = TestCodeUITests/Info.plist;
				LD_RUNPATH_SEARCH_PATHS = "$(inherited) @executable_path/Frameworks @loader_path/Frameworks";
				PRODUCT_BUNDLE_IDENTIFIER = com.hoangson.TestCodeUITests;
				PRODUCT_NAME = "$(TARGET_NAME)";
				TARGETED_DEVICE_FAMILY = "1,2";
				TEST_TARGET_NAME = TestCode;
			};
			name = Debug;
		};
		FAA486E02000676F006E6100 /* Release */ = {
			isa = XCBuildConfiguration;
			buildSettings = {
				CODE_SIGN_STYLE = Automatic;
				INFOPLIST_FILE = TestCodeUITests/Info.plist;
				LD_RUNPATH_SEARCH_PATHS = "$(inherited) @executable_path/Frameworks @loader_path/Frameworks";
				PRODUCT_BUNDLE_IDENTIFIER = com.hoangson.TestCodeUITests;
				PRODUCT_NAME = "$(TARGET_NAME)";
				TARGETED_DEVICE_FAMILY = "1,2";
				TEST_TARGET_NAME = TestCode;
			};
			name = Release;
		};
/* End XCBuildConfiguration section */

/* Begin XCConfigurationList section */
		FAA486A72000676F006E6100 /* Build configuration list for PBXProject "TestCode" */ = {
			isa = XCConfigurationList;
			buildConfigurations = (
				FAA486D62000676F006E6100 /* Debug */,
				FAA486D72000676F006E6100 /* Release */,
			);
			defaultConfigurationIsVisible = 0;
			defaultConfigurationName = Release;
		};
		FAA486D82000676F006E6100 /* Build configuration list for PBXNativeTarget "TestCode" */ = {
			isa = XCConfigurationList;
			buildConfigurations = (
				FAA486D92000676F006E6100 /* Debug */,
				FAA486DA2000676F006E6100 /* Release */,
			);
			defaultConfigurationIsVisible = 0;
			defaultConfigurationName = Release;
		};
		FAA486DB2000676F006E6100 /* Build configuration list for PBXNativeTarget "TestCodeTests" */ = {
			isa = XCConfigurationList;
			buildConfigurations = (
				FAA486DC2000676F006E6100 /* Debug */,
				FAA486DD2000676F006E6100 /* Release */,
			);
			defaultConfigurationIsVisible = 0;
			defaultConfigurationName = Release;
		};
		FAA486DE2000676F006E6100 /* Build configuration list for PBXNativeTarget "TestCodeUITests" */ = {
			isa = XCConfigurationList;
			buildConfigurations = (
				FAA486DF2000676F006E6100 /* Debug */,
				FAA486E02000676F006E6100 /* Release */,
			);
			defaultConfigurationIsVisible = 0;
			defaultConfigurationName = Release;
		};
/* End XCConfigurationList section */
	};
	rootObject = FAA486A42000676F006E6100 /* Project object */;
}
